{
  "name": "Components",
  "lockfileVersion": 3,
  "requires": true,
  "packages": {
    "": {
      "dependencies": {
        "@neodrag/vanilla": "^2.0.5"
      }
    },
    "node_modules/@neodrag/vanilla": {
      "version": "2.0.5",
      "resolved": "https://registry.npmjs.org/@neodrag/vanilla/-/vanilla-2.0.5.tgz",
      "integrity": "sha512-wgrqnFCTNj9uVNRnFR68CdP2jityT2CCgpDC1M45cIbn6s9phFmOc16LgqfFAlmQsH7wXwk/zq41BO89idCmqA=="
    }
  }
}
